
Microsoft Visual Studio Solution File, Format Version 12.00
# Visual Studio 15
VisualStudioVersion = 15.0.28307.421
MinimumVisualStudioVersion = 10.0.40219.1
Project("{FAE04EC0-301F-11D3-BF4B-00C04F79EFBC}") = "graphs", "graphs.csproj", "{D6CED245-E872-47BA-BE1F-EC4DCF605C3B}"
EndProject
Global
	GlobalSection(SolutionConfigurationPlatforms) = preSolution
		Debug|Any CPU = Debug|Any CPU
		Release|Any CPU = Release|Any CPU
	EndGlobalSection
	GlobalSection(ProjectConfigurationPlatforms) = postSolution
		{D6CED245-E872-47BA-BE1F-EC4DCF605C3B}.Debug|Any CPU.ActiveCfg = Debug|Any CPU
		{D6CED245-E872-47BA-BE1F-EC4DCF605C3B}.Debug|Any CPU.Build.0 = Debug|Any CPU
		{D6CED245-E872-47BA-BE1F-EC4DCF605C3B}.Release|Any CPU.ActiveCfg = Release|Any CPU
		{D6CED245-E872-47BA-BE1F-EC4DCF605C3B}.Release|Any CPU.Build.0 = Release|Any CPU
	EndGlobalSection
	GlobalSection(SolutionProperties) = preSolution
		HideSolutionNode = FALSE
	EndGlobalSection
	GlobalSection(ExtensibilityGlobals) = postSolution
		SolutionGuid = {1D42DE34-1EBC-436C-8AA9-651F25F1FE04}
	EndGlobalSection
EndGlobal
